// !$*UTF8*$!
{
	archiveVersion = 1;
	classes = {
	};
	objectVersion = 77;
	objects = {

/* Begin PBXBuildFile section */
		835720652D78B69F00F08BAE /* AppDelegate.swift in Sources */ = {isa = PBXBuildFile; fileRef = 8357205B2D78B69F00F08BAE /* AppDelegate.swift */; };
		835720662D78B69F00F08BAE /* SceneDelegate.swift in Sources */ = {isa = PBXBuildFile; fileRef = 835720622D78B69F00F08BAE /* SceneDelegate.swift */; };
		835720672D78B69F00F08BAE /* HomeViewController.swift in Sources */ = {isa = PBXBuildFile; fileRef = 835720632D78B69F00F08BAE /* HomeViewController.swift */; };
		835720682D78B69F00F08BAE /* Assets.xcassets in Resources */ = {isa = PBXBuildFile; fileRef = 8357205C2D78B69F00F08BAE /* Assets.xcassets */; };
		8357206A2D78B69F00F08BAE /* LaunchScreen.storyboard in Resources */ = {isa = PBXBuildFile; fileRef = 8357205F2D78B69F00F08BAE /* LaunchScreen.storyboard */; };
		835720702D78BA1000F08BAE /* Article.swift in Sources */ = {isa = PBXBuildFile; fileRef = 8357206F2D78BA1000F08BAE /* Article.swift */; };
		835720732D78BD3E00F08BAE /* NetworkManager.swift in Sources */ = {isa = PBXBuildFile; fileRef = 835720722D78BD3E00F08BAE /* NetworkManager.swift */; };
		835720762D78BDF600F08BAE /* Alamofire in Frameworks */ = {isa = PBXBuildFile; productRef = 835720752D78BDF600F08BAE /* Alamofire */; };
		835720792D78C45E00F08BAE /* HomeViewModel.swift in Sources */ = {isa = PBXBuildFile; fileRef = 835720782D78C45E00F08BAE /* HomeViewModel.swift */; };
		8357207C2D78C5E100F08BAE /* Endpoint.swift in Sources */ = {isa = PBXBuildFile; fileRef = 8357207B2D78C5E100F08BAE /* Endpoint.swift */; };
		8357207F2D7A216700F08BAE /* ArticleTableViewCell.swift in Sources */ = {isa = PBXBuildFile; fileRef = 8357207E2D7A216700F08BAE /* ArticleTableViewCell.swift */; };
		835720812D7A293300F08BAE /* ErrorPresenter.swift in Sources */ = {isa = PBXBuildFile; fileRef = 835720802D7A293300F08BAE /* ErrorPresenter.swift */; };
		835720842D7A380800F08BAE /* ReactionView.swift in Sources */ = {isa = PBXBuildFile; fileRef = 835720832D7A380800F08BAE /* ReactionView.swift */; };
		835720992D7A395200F08BAE /* Montserrat-BoldItalic.ttf in Resources */ = {isa = PBXBuildFile; fileRef = 835720882D7A395200F08BAE /* Montserrat-BoldItalic.ttf */; };
		8357209A2D7A395200F08BAE /* Montserrat-Thin.ttf in Resources */ = {isa = PBXBuildFile; fileRef = 835720952D7A395200F08BAE /* Montserrat-Thin.ttf */; };
		8357209B2D7A395200F08BAE /* Montserrat-Bold.ttf in Resources */ = {isa = PBXBuildFile; fileRef = 835720872D7A395200F08BAE /* Montserrat-Bold.ttf */; };
		8357209C2D7A395200F08BAE /* Montserrat-Light.ttf in Resources */ = {isa = PBXBuildFile; fileRef = 8357208E2D7A395200F08BAE /* Montserrat-Light.ttf */; };
		8357209D2D7A395200F08BAE /* Montserrat-ExtraLightItalic.ttf in Resources */ = {isa = PBXBuildFile; fileRef = 8357208C2D7A395200F08BAE /* Montserrat-ExtraLightItalic.ttf */; };
		8357209E2D7A395200F08BAE /* Montserrat-ExtraBoldItalic.ttf in Resources */ = {isa = PBXBuildFile; fileRef = 8357208A2D7A395200F08BAE /* Montserrat-ExtraBoldItalic.ttf */; };
		8357209F2D7A395200F08BAE /* Montserrat-Regular.ttf in Resources */ = {isa = PBXBuildFile; fileRef = 835720922D7A395200F08BAE /* Montserrat-Regular.ttf */; };
		835720A02D7A395200F08BAE /* Montserrat-Medium.ttf in Resources */ = {isa = PBXBuildFile; fileRef = 835720902D7A395200F08BAE /* Montserrat-Medium.ttf */; };
		835720A12D7A395200F08BAE /* Montserrat-MediumItalic.ttf in Resources */ = {isa = PBXBuildFile; fileRef = 835720912D7A395200F08BAE /* Montserrat-MediumItalic.ttf */; };
		835720A22D7A395200F08BAE /* Montserrat-SemiBold.ttf in Resources */ = {isa = PBXBuildFile; fileRef = 835720932D7A395200F08BAE /* Montserrat-SemiBold.ttf */; };
		835720A32D7A395200F08BAE /* Montserrat-ExtraBold.ttf in Resources */ = {isa = PBXBuildFile; fileRef = 835720892D7A395200F08BAE /* Montserrat-ExtraBold.ttf */; };
		835720A42D7A395200F08BAE /* Montserrat-BlackItalic.ttf in Resources */ = {isa = PBXBuildFile; fileRef = 835720862D7A395200F08BAE /* Montserrat-BlackItalic.ttf */; };
		835720A52D7A395200F08BAE /* Montserrat-ExtraLight.ttf in Resources */ = {isa = PBXBuildFile; fileRef = 8357208B2D7A395200F08BAE /* Montserrat-ExtraLight.ttf */; };
		835720A62D7A395200F08BAE /* Montserrat-Black.ttf in Resources */ = {isa = PBXBuildFile; fileRef = 835720852D7A395200F08BAE /* Montserrat-Black.ttf */; };
		835720A72D7A395200F08BAE /* Montserrat-LightItalic.ttf in Resources */ = {isa = PBXBuildFile; fileRef = 8357208F2D7A395200F08BAE /* Montserrat-LightItalic.ttf */; };
		835720A82D7A395200F08BAE /* Montserrat-ThinItalic.ttf in Resources */ = {isa = PBXBuildFile; fileRef = 835720962D7A395200F08BAE /* Montserrat-ThinItalic.ttf */; };
		835720A92D7A395200F08BAE /* Montserrat-SemiBoldItalic.ttf in Resources */ = {isa = PBXBuildFile; fileRef = 835720942D7A395200F08BAE /* Montserrat-SemiBoldItalic.ttf */; };
		835720AA2D7A395200F08BAE /* Montserrat-Italic.ttf in Resources */ = {isa = PBXBuildFile; fileRef = 8357208D2D7A395200F08BAE /* Montserrat-Italic.ttf */; };
		835720AC2D7A397900F08BAE /* Resouces.swift in Sources */ = {isa = PBXBuildFile; fileRef = 835720AB2D7A397900F08BAE /* Resouces.swift */; };
/* End PBXBuildFile section */

/* Begin PBXFileReference section */
		835720432D78B69300F08BAE /* SocialNetworkFeed.app */ = {isa = PBXFileReference; explicitFileType = wrapper.application; includeInIndex = 0; path = SocialNetworkFeed.app; sourceTree = BUILT_PRODUCTS_DIR; };
		8357205B2D78B69F00F08BAE /* AppDelegate.swift */ = {isa = PBXFileReference; lastKnownFileType = sourcecode.swift; path = AppDelegate.swift; sourceTree = "<group>"; };
		8357205C2D78B69F00F08BAE /* Assets.xcassets */ = {isa = PBXFileReference; lastKnownFileType = folder.assetcatalog; path = Assets.xcassets; sourceTree = "<group>"; };
		8357205D2D78B69F00F08BAE /* Info.plist */ = {isa = PBXFileReference; lastKnownFileType = text.plist.xml; path = Info.plist; sourceTree = "<group>"; };
		8357205E2D78B69F00F08BAE /* Base */ = {isa = PBXFileReference; lastKnownFileType = file.storyboard; name = Base; path = Base.lproj/LaunchScreen.storyboard; sourceTree = "<group>"; };
		835720622D78B69F00F08BAE /* SceneDelegate.swift */ = {isa = PBXFileReference; lastKnownFileType = sourcecode.swift; path = SceneDelegate.swift; sourceTree = "<group>"; };
		835720632D78B69F00F08BAE /* HomeViewController.swift */ = {isa = PBXFileReference; lastKnownFileType = sourcecode.swift; path = HomeViewController.swift; sourceTree = "<group>"; };
		8357206F2D78BA1000F08BAE /* Article.swift */ = {isa = PBXFileReference; lastKnownFileType = sourcecode.swift; path = Article.swift; sourceTree = "<group>"; };
		835720722D78BD3E00F08BAE /* NetworkManager.swift */ = {isa = PBXFileReference; lastKnownFileType = sourcecode.swift; path = NetworkManager.swift; sourceTree = "<group>"; };
		835720782D78C45E00F08BAE /* HomeViewModel.swift */ = {isa = PBXFileReference; lastKnownFileType = sourcecode.swift; path = HomeViewModel.swift; sourceTree = "<group>"; };
		8357207B2D78C5E100F08BAE /* Endpoint.swift */ = {isa = PBXFileReference; lastKnownFileType = sourcecode.swift; path = Endpoint.swift; sourceTree = "<group>"; };
		8357207E2D7A216700F08BAE /* ArticleTableViewCell.swift */ = {isa = PBXFileReference; lastKnownFileType = sourcecode.swift; path = ArticleTableViewCell.swift; sourceTree = "<group>"; };
		835720802D7A293300F08BAE /* ErrorPresenter.swift */ = {isa = PBXFileReference; lastKnownFileType = sourcecode.swift; path = ErrorPresenter.swift; sourceTree = "<group>"; };
		835720832D7A380800F08BAE /* ReactionView.swift */ = {isa = PBXFileReference; lastKnownFileType = sourcecode.swift; path = ReactionView.swift; sourceTree = "<group>"; };
		835720852D7A395200F08BAE /* Montserrat-Black.ttf */ = {isa = PBXFileReference; lastKnownFileType = file; path = "Montserrat-Black.ttf"; sourceTree = "<group>"; };
		835720862D7A395200F08BAE /* Montserrat-BlackItalic.ttf */ = {isa = PBXFileReference; lastKnownFileType = file; path = "Montserrat-BlackItalic.ttf"; sourceTree = "<group>"; };
		835720872D7A395200F08BAE /* Montserrat-Bold.ttf */ = {isa = PBXFileReference; lastKnownFileType = file; path = "Montserrat-Bold.ttf"; sourceTree = "<group>"; };
		835720882D7A395200F08BAE /* Montserrat-BoldItalic.ttf */ = {isa = PBXFileReference; lastKnownFileType = file; path = "Montserrat-BoldItalic.ttf"; sourceTree = "<group>"; };
		835720892D7A395200F08BAE /* Montserrat-ExtraBold.ttf */ = {isa = PBXFileReference; lastKnownFileType = file; path = "Montserrat-ExtraBold.ttf"; sourceTree = "<group>"; };
		8357208A2D7A395200F08BAE /* Montserrat-ExtraBoldItalic.ttf */ = {isa = PBXFileReference; lastKnownFileType = file; path = "Montserrat-ExtraBoldItalic.ttf"; sourceTree = "<group>"; };
		8357208B2D7A395200F08BAE /* Montserrat-ExtraLight.ttf */ = {isa = PBXFileReference; lastKnownFileType = file; path = "Montserrat-ExtraLight.ttf"; sourceTree = "<group>"; };
		8357208C2D7A395200F08BAE /* Montserrat-ExtraLightItalic.ttf */ = {isa = PBXFileReference; lastKnownFileType = file; path = "Montserrat-ExtraLightItalic.ttf"; sourceTree = "<group>"; };
		8357208D2D7A395200F08BAE /* Montserrat-Italic.ttf */ = {isa = PBXFileReference; lastKnownFileType = file; path = "Montserrat-Italic.ttf"; sourceTree = "<group>"; };
		8357208E2D7A395200F08BAE /* Montserrat-Light.ttf */ = {isa = PBXFileReference; lastKnownFileType = file; path = "Montserrat-Light.ttf"; sourceTree = "<group>"; };
		8357208F2D7A395200F08BAE /* Montserrat-LightItalic.ttf */ = {isa = PBXFileReference; lastKnownFileType = file; path = "Montserrat-LightItalic.ttf"; sourceTree = "<group>"; };
		835720902D7A395200F08BAE /* Montserrat-Medium.ttf */ = {isa = PBXFileReference; lastKnownFileType = file; path = "Montserrat-Medium.ttf"; sourceTree = "<group>"; };
		835720912D7A395200F08BAE /* Montserrat-MediumItalic.ttf */ = {isa = PBXFileReference; lastKnownFileType = file; path = "Montserrat-MediumItalic.ttf"; sourceTree = "<group>"; };
		835720922D7A395200F08BAE /* Montserrat-Regular.ttf */ = {isa = PBXFileReference; lastKnownFileType = file; path = "Montserrat-Regular.ttf"; sourceTree = "<group>"; };
		835720932D7A395200F08BAE /* Montserrat-SemiBold.ttf */ = {isa = PBXFileReference; lastKnownFileType = file; path = "Montserrat-SemiBold.ttf"; sourceTree = "<group>"; };
		835720942D7A395200F08BAE /* Montserrat-SemiBoldItalic.ttf */ = {isa = PBXFileReference; lastKnownFileType = file; path = "Montserrat-SemiBoldItalic.ttf"; sourceTree = "<group>"; };
		835720952D7A395200F08BAE /* Montserrat-Thin.ttf */ = {isa = PBXFileReference; lastKnownFileType = file; path = "Montserrat-Thin.ttf"; sourceTree = "<group>"; };
		835720962D7A395200F08BAE /* Montserrat-ThinItalic.ttf */ = {isa = PBXFileReference; lastKnownFileType = file; path = "Montserrat-ThinItalic.ttf"; sourceTree = "<group>"; };
		835720AB2D7A397900F08BAE /* Resouces.swift */ = {isa = PBXFileReference; lastKnownFileType = sourcecode.swift; path = Resouces.swift; sourceTree = "<group>"; };
/* End PBXFileReference section */

/* Begin PBXFrameworksBuildPhase section */
		835720402D78B69300F08BAE /* Frameworks */ = {
			isa = PBXFrameworksBuildPhase;
			buildActionMask = 2147483647;
			files = (
				835720762D78BDF600F08BAE /* Alamofire in Frameworks */,
			);
			runOnlyForDeploymentPostprocessing = 0;
		};
/* End PBXFrameworksBuildPhase section */

/* Begin PBXGroup section */
		8357203A2D78B69300F08BAE = {
			isa = PBXGroup;
			children = (
				835720642D78B69F00F08BAE /* SocialNetworkFeed */,
				835720442D78B69300F08BAE /* Products */,
			);
			sourceTree = "<group>";
		};
		835720442D78B69300F08BAE /* Products */ = {
			isa = PBXGroup;
			children = (
				835720432D78B69300F08BAE /* SocialNetworkFeed.app */,
			);
			name = Products;
			sourceTree = "<group>";
		};
		835720642D78B69F00F08BAE /* SocialNetworkFeed */ = {
			isa = PBXGroup;
			children = (
				8357206C2D78B81500F08BAE /* App */,
				8357207A2D78C5AF00F08BAE /* Utilities */,
				835720712D78BCE100F08BAE /* Managers */,
				8357206E2D78B9F700F08BAE /* Models */,
				835720772D78C44500F08BAE /* HomeModule */,
				8357206D2D78B88800F08BAE /* SupportingFiles */,
			);
			path = SocialNetworkFeed;
			sourceTree = "<group>";
		};
		8357206C2D78B81500F08BAE /* App */ = {
			isa = PBXGroup;
			children = (
				8357205B2D78B69F00F08BAE /* AppDelegate.swift */,
				835720622D78B69F00F08BAE /* SceneDelegate.swift */,
			);
			path = App;
			sourceTree = "<group>";
		};
		8357206D2D78B88800F08BAE /* SupportingFiles */ = {
			isa = PBXGroup;
			children = (
				835720AB2D7A397900F08BAE /* Resouces.swift */,
				8357205C2D78B69F00F08BAE /* Assets.xcassets */,
				8357205D2D78B69F00F08BAE /* Info.plist */,
				8357205F2D78B69F00F08BAE /* LaunchScreen.storyboard */,
				835720982D7A395200F08BAE /* Fonts */,
			);
			path = SupportingFiles;
			sourceTree = "<group>";
		};
		8357206E2D78B9F700F08BAE /* Models */ = {
			isa = PBXGroup;
			children = (
				8357206F2D78BA1000F08BAE /* Article.swift */,
			);
			path = Models;
			sourceTree = "<group>";
		};
		835720712D78BCE100F08BAE /* Managers */ = {
			isa = PBXGroup;
			children = (
				835720722D78BD3E00F08BAE /* NetworkManager.swift */,
			);
			path = Managers;
			sourceTree = "<group>";
		};
		835720772D78C44500F08BAE /* HomeModule */ = {
			isa = PBXGroup;
			children = (
				8357207D2D7A211500F08BAE /* Cells */,
				835720782D78C45E00F08BAE /* HomeViewModel.swift */,
				835720632D78B69F00F08BAE /* HomeViewController.swift */,
			);
			path = HomeModule;
			sourceTree = "<group>";
		};
		8357207A2D78C5AF00F08BAE /* Utilities */ = {
			isa = PBXGroup;
			children = (
				8357207B2D78C5E100F08BAE /* Endpoint.swift */,
				835720802D7A293300F08BAE /* ErrorPresenter.swift */,
			);
			path = Utilities;
			sourceTree = "<group>";
		};
		8357207D2D7A211500F08BAE /* Cells */ = {
			isa = PBXGroup;
			children = (
				8357207E2D7A216700F08BAE /* ArticleTableViewCell.swift */,
				835720822D7A37ED00F08BAE /* Components */,
			);
			path = Cells;
			sourceTree = "<group>";
		};
		835720822D7A37ED00F08BAE /* Components */ = {
			isa = PBXGroup;
			children = (
				835720832D7A380800F08BAE /* ReactionView.swift */,
			);
			path = Components;
			sourceTree = "<group>";
		};
		835720972D7A395200F08BAE /* Montserrat */ = {
			isa = PBXGroup;
			children = (
				835720852D7A395200F08BAE /* Montserrat-Black.ttf */,
				835720862D7A395200F08BAE /* Montserrat-BlackItalic.ttf */,
				835720872D7A395200F08BAE /* Montserrat-Bold.ttf */,
				835720882D7A395200F08BAE /* Montserrat-BoldItalic.ttf */,
				835720892D7A395200F08BAE /* Montserrat-ExtraBold.ttf */,
				8357208A2D7A395200F08BAE /* Montserrat-ExtraBoldItalic.ttf */,
				8357208B2D7A395200F08BAE /* Montserrat-ExtraLight.ttf */,
				8357208C2D7A395200F08BAE /* Montserrat-ExtraLightItalic.ttf */,
				8357208D2D7A395200F08BAE /* Montserrat-Italic.ttf */,
				8357208E2D7A395200F08BAE /* Montserrat-Light.ttf */,
				8357208F2D7A395200F08BAE /* Montserrat-LightItalic.ttf */,
				835720902D7A395200F08BAE /* Montserrat-Medium.ttf */,
				835720912D7A395200F08BAE /* Montserrat-MediumItalic.ttf */,
				835720922D7A395200F08BAE /* Montserrat-Regular.ttf */,
				835720932D7A395200F08BAE /* Montserrat-SemiBold.ttf */,
				835720942D7A395200F08BAE /* Montserrat-SemiBoldItalic.ttf */,
				835720952D7A395200F08BAE /* Montserrat-Thin.ttf */,
				835720962D7A395200F08BAE /* Montserrat-ThinItalic.ttf */,
			);
			path = Montserrat;
			sourceTree = "<group>";
		};
		835720982D7A395200F08BAE /* Fonts */ = {
			isa = PBXGroup;
			children = (
				835720972D7A395200F08BAE /* Montserrat */,
			);
			path = Fonts;
			sourceTree = "<group>";
		};
/* End PBXGroup section */

/* Begin PBXNativeTarget section */
		835720422D78B69300F08BAE /* SocialNetworkFeed */ = {
			isa = PBXNativeTarget;
			buildConfigurationList = 835720562D78B69500F08BAE /* Build configuration list for PBXNativeTarget "SocialNetworkFeed" */;
			buildPhases = (
				8357203F2D78B69300F08BAE /* Sources */,
				835720402D78B69300F08BAE /* Frameworks */,
				835720412D78B69300F08BAE /* Resources */,
			);
			buildRules = (
			);
			dependencies = (
			);
			name = SocialNetworkFeed;
			packageProductDependencies = (
				835720752D78BDF600F08BAE /* Alamofire */,
			);
			productName = SocialNetworkFeed;
			productReference = 835720432D78B69300F08BAE /* SocialNetworkFeed.app */;
			productType = "com.apple.product-type.application";
		};
/* End PBXNativeTarget section */

/* Begin PBXProject section */
		8357203B2D78B69300F08BAE /* Project object */ = {
			isa = PBXProject;
			attributes = {
				BuildIndependentTargetsInParallel = 1;
				LastSwiftUpdateCheck = 1610;
				LastUpgradeCheck = 1610;
				TargetAttributes = {
					835720422D78B69300F08BAE = {
						CreatedOnToolsVersion = 16.1;
					};
				};
			};
			buildConfigurationList = 8357203E2D78B69300F08BAE /* Build configuration list for PBXProject "SocialNetworkFeed" */;
			developmentRegion = en;
			hasScannedForEncodings = 0;
			knownRegions = (
				en,
				Base,
			);
			mainGroup = 8357203A2D78B69300F08BAE;
			minimizedProjectReferenceProxies = 1;
			packageReferences = (
				835720742D78BDF600F08BAE /* XCRemoteSwiftPackageReference "Alamofire" */,
			);
			preferredProjectObjectVersion = 77;
			productRefGroup = 835720442D78B69300F08BAE /* Products */;
			projectDirPath = "";
			projectRoot = "";
			targets = (
				835720422D78B69300F08BAE /* SocialNetworkFeed */,
			);
		};
/* End PBXProject section */

/* Begin PBXResourcesBuildPhase section */
		835720412D78B69300F08BAE /* Resources */ = {
			isa = PBXResourcesBuildPhase;
			buildActionMask = 2147483647;
			files = (
				835720682D78B69F00F08BAE /* Assets.xcassets in Resources */,
				8357206A2D78B69F00F08BAE /* LaunchScreen.storyboard in Resources */,
				835720992D7A395200F08BAE /* Montserrat-BoldItalic.ttf in Resources */,
				8357209A2D7A395200F08BAE /* Montserrat-Thin.ttf in Resources */,
				8357209B2D7A395200F08BAE /* Montserrat-Bold.ttf in Resources */,
				8357209C2D7A395200F08BAE /* Montserrat-Light.ttf in Resources */,
				8357209D2D7A395200F08BAE /* Montserrat-ExtraLightItalic.ttf in Resources */,
				8357209E2D7A395200F08BAE /* Montserrat-ExtraBoldItalic.ttf in Resources */,
				8357209F2D7A395200F08BAE /* Montserrat-Regular.ttf in Resources */,
				835720A02D7A395200F08BAE /* Montserrat-Medium.ttf in Resources */,
				835720A12D7A395200F08BAE /* Montserrat-MediumItalic.ttf in Resources */,
				835720A22D7A395200F08BAE /* Montserrat-SemiBold.ttf in Resources */,
				835720A32D7A395200F08BAE /* Montserrat-ExtraBold.ttf in Resources */,
				835720A42D7A395200F08BAE /* Montserrat-BlackItalic.ttf in Resources */,
				835720A52D7A395200F08BAE /* Montserrat-ExtraLight.ttf in Resources */,
				835720A62D7A395200F08BAE /* Montserrat-Black.ttf in Resources */,
				835720A72D7A395200F08BAE /* Montserrat-LightItalic.ttf in Resources */,
				835720A82D7A395200F08BAE /* Montserrat-ThinItalic.ttf in Resources */,
				835720A92D7A395200F08BAE /* Montserrat-SemiBoldItalic.ttf in Resources */,
				835720AA2D7A395200F08BAE /* Montserrat-Italic.ttf in Resources */,
			);
			runOnlyForDeploymentPostprocessing = 0;
		};
/* End PBXResourcesBuildPhase section */

/* Begin PBXSourcesBuildPhase section */
		8357203F2D78B69300F08BAE /* Sources */ = {
			isa = PBXSourcesBuildPhase;
			buildActionMask = 2147483647;
			files = (
				8357207C2D78C5E100F08BAE /* Endpoint.swift in Sources */,
				835720702D78BA1000F08BAE /* Article.swift in Sources */,
				835720812D7A293300F08BAE /* ErrorPresenter.swift in Sources */,
				835720792D78C45E00F08BAE /* HomeViewModel.swift in Sources */,
				835720652D78B69F00F08BAE /* AppDelegate.swift in Sources */,
				8357207F2D7A216700F08BAE /* ArticleTableViewCell.swift in Sources */,
				835720AC2D7A397900F08BAE /* Resouces.swift in Sources */,
				835720732D78BD3E00F08BAE /* NetworkManager.swift in Sources */,
				835720662D78B69F00F08BAE /* SceneDelegate.swift in Sources */,
				835720672D78B69F00F08BAE /* HomeViewController.swift in Sources */,
				835720842D7A380800F08BAE /* ReactionView.swift in Sources */,
			);
			runOnlyForDeploymentPostprocessing = 0;
		};
/* End PBXSourcesBuildPhase section */

/* Begin PBXVariantGroup section */
		8357205F2D78B69F00F08BAE /* LaunchScreen.storyboard */ = {
			isa = PBXVariantGroup;
			children = (
				8357205E2D78B69F00F08BAE /* Base */,
			);
			name = LaunchScreen.storyboard;
			sourceTree = "<group>";
		};
/* End PBXVariantGroup section */

/* Begin XCBuildConfiguration section */
		835720572D78B69500F08BAE /* Debug */ = {
			isa = XCBuildConfiguration;
			buildSettings = {
				ASSETCATALOG_COMPILER_APPICON_NAME = AppIcon;
				ASSETCATALOG_COMPILER_GLOBAL_ACCENT_COLOR_NAME = AccentColor;
				CODE_SIGN_STYLE = Automatic;
				CURRENT_PROJECT_VERSION = 1;
				DEVELOPMENT_TEAM = 2R32CKST38;
				GENERATE_INFOPLIST_FILE = YES;
				INFOPLIST_FILE = SocialNetworkFeed/SupportingFiles/Info.plist;
				INFOPLIST_KEY_UIApplicationSupportsIndirectInputEvents = YES;
				INFOPLIST_KEY_UILaunchStoryboardName = LaunchScreen;
				INFOPLIST_KEY_UISupportedInterfaceOrientations = UIInterfaceOrientationPortrait;
				INFOPLIST_KEY_UISupportedInterfaceOrientations_iPad = "UIInterfaceOrientationLandscapeLeft UIInterfaceOrientationLandscapeRight UIInterfaceOrientationPortrait UIInterfaceOrientationPortraitUpsideDown";
				IPHONEOS_DEPLOYMENT_TARGET = 17.5;
				LD_RUNPATH_SEARCH_PATHS = (
					"$(inherited)",
					"@executable_path/Frameworks",
				);
				MARKETING_VERSION = 1.0;
				PRODUCT_BUNDLE_IDENTIFIER = com.Mikhail.Ustyantsev.SocialNetworkFeed;
				PRODUCT_NAME = "$(TARGET_NAME)";
				SUPPORTED_PLATFORMS = "iphoneos iphonesimulator";
				SUPPORTS_MACCATALYST = NO;
				SUPPORTS_MAC_DESIGNED_FOR_IPHONE_IPAD = NO;
				SUPPORTS_XR_DESIGNED_FOR_IPHONE_IPAD = NO;
				SWIFT_EMIT_LOC_STRINGS = YES;
				SWIFT_VERSION = 5.0;
				TARGETED_DEVICE_FAMILY = 1;
			};
			name = Debug;
		};
		835720582D78B69500F08BAE /* Release */ = {
			isa = XCBuildConfiguration;
			buildSettings = {
				ASSETCATALOG_COMPILER_APPICON_NAME = AppIcon;
				ASSETCATALOG_COMPILER_GLOBAL_ACCENT_COLOR_NAME = AccentColor;
				CODE_SIGN_STYLE = Automatic;
				CURRENT_PROJECT_VERSION = 1;
				DEVELOPMENT_TEAM = 2R32CKST38;
				GENERATE_INFOPLIST_FILE = YES;
				INFOPLIST_FILE = SocialNetworkFeed/SupportingFiles/Info.plist;
				INFOPLIST_KEY_UIApplicationSupportsIndirectInputEvents = YES;
				INFOPLIST_KEY_UILaunchStoryboardName = LaunchScreen;
				INFOPLIST_KEY_UISupportedInterfaceOrientations = UIInterfaceOrientationPortrait;
				INFOPLIST_KEY_UISupportedInterfaceOrientations_iPad = "UIInterfaceOrientationLandscapeLeft UIInterfaceOrientationLandscapeRight UIInterfaceOrientationPortrait UIInterfaceOrientationPortraitUpsideDown";
				IPHONEOS_DEPLOYMENT_TARGET = 17.5;
				LD_RUNPATH_SEARCH_PATHS = (
					"$(inherited)",
					"@executable_path/Frameworks",
				);
				MARKETING_VERSION = 1.0;
				PRODUCT_BUNDLE_IDENTIFIER = com.Mikhail.Ustyantsev.SocialNetworkFeed;
				PRODUCT_NAME = "$(TARGET_NAME)";
				SUPPORTED_PLATFORMS = "iphoneos iphonesimulator";
				SUPPORTS_MACCATALYST = NO;
				SUPPORTS_MAC_DESIGNED_FOR_IPHONE_IPAD = NO;
				SUPPORTS_XR_DESIGNED_FOR_IPHONE_IPAD = NO;
				SWIFT_EMIT_LOC_STRINGS = YES;
				SWIFT_VERSION = 5.0;
				TARGETED_DEVICE_FAMILY = 1;
			};
			name = Release;
		};
		835720592D78B69500F08BAE /* Debug */ = {
			isa = XCBuildConfiguration;
			buildSettings = {
				ALWAYS_SEARCH_USER_PATHS = NO;
				ASSETCATALOG_COMPILER_GENERATE_SWIFT_ASSET_SYMBOL_EXTENSIONS = YES;
				CLANG_ANALYZER_NONNULL = YES;
				CLANG_ANALYZER_NUMBER_OBJECT_CONVERSION = YES_AGGRESSIVE;
				CLANG_CXX_LANGUAGE_STANDARD = "gnu++20";
				CLANG_ENABLE_MODULES = YES;
				CLANG_ENABLE_OBJC_ARC = YES;
				CLANG_ENABLE_OBJC_WEAK = YES;
				CLANG_WARN_BLOCK_CAPTURE_AUTORELEASING = YES;
				CLANG_WARN_BOOL_CONVERSION = YES;
				CLANG_WARN_COMMA = YES;
				CLANG_WARN_CONSTANT_CONVERSION = YES;
				CLANG_WARN_DEPRECATED_OBJC_IMPLEMENTATIONS = YES;
				CLANG_WARN_DIRECT_OBJC_ISA_USAGE = YES_ERROR;
				CLANG_WARN_DOCUMENTATION_COMMENTS = YES;
				CLANG_WARN_EMPTY_BODY = YES;
				CLANG_WARN_ENUM_CONVERSION = YES;
				CLANG_WARN_INFINITE_RECURSION = YES;
				CLANG_WARN_INT_CONVERSION = YES;
				CLANG_WARN_NON_LITERAL_NULL_CONVERSION = YES;
				CLANG_WARN_OBJC_IMPLICIT_RETAIN_SELF = YES;
				CLANG_WARN_OBJC_LITERAL_CONVERSION = YES;
				CLANG_WARN_OBJC_ROOT_CLASS = YES_ERROR;
				CLANG_WARN_QUOTED_INCLUDE_IN_FRAMEWORK_HEADER = YES;
				CLANG_WARN_RANGE_LOOP_ANALYSIS = YES;
				CLANG_WARN_STRICT_PROTOTYPES = YES;
				CLANG_WARN_SUSPICIOUS_MOVE = YES;
				CLANG_WARN_UNGUARDED_AVAILABILITY = YES_AGGRESSIVE;
				CLANG_WARN_UNREACHABLE_CODE = YES;
				CLANG_WARN__DUPLICATE_METHOD_MATCH = YES;
				COPY_PHASE_STRIP = NO;
				DEBUG_INFORMATION_FORMAT = dwarf;
				ENABLE_STRICT_OBJC_MSGSEND = YES;
				ENABLE_TESTABILITY = YES;
				ENABLE_USER_SCRIPT_SANDBOXING = YES;
				GCC_C_LANGUAGE_STANDARD = gnu17;
				GCC_DYNAMIC_NO_PIC = NO;
				GCC_NO_COMMON_BLOCKS = YES;
				GCC_OPTIMIZATION_LEVEL = 0;
				GCC_PREPROCESSOR_DEFINITIONS = (
					"DEBUG=1",
					"$(inherited)",
				);
				GCC_WARN_64_TO_32_BIT_CONVERSION = YES;
				GCC_WARN_ABOUT_RETURN_TYPE = YES_ERROR;
				GCC_WARN_UNDECLARED_SELECTOR = YES;
				GCC_WARN_UNINITIALIZED_AUTOS = YES_AGGRESSIVE;
				GCC_WARN_UNUSED_FUNCTION = YES;
				GCC_WARN_UNUSED_VARIABLE = YES;
				IPHONEOS_DEPLOYMENT_TARGET = 18.1;
				LOCALIZATION_PREFERS_STRING_CATALOGS = YES;
				MTL_ENABLE_DEBUG_INFO = INCLUDE_SOURCE;
				MTL_FAST_MATH = YES;
				ONLY_ACTIVE_ARCH = YES;
				SDKROOT = iphoneos;
				SWIFT_ACTIVE_COMPILATION_CONDITIONS = "DEBUG $(inherited)";
				SWIFT_OPTIMIZATION_LEVEL = "-Onone";
			};
			name = Debug;
		};
		8357205A2D78B69500F08BAE /* Release */ = {
			isa = XCBuildConfiguration;
			buildSettings = {
				ALWAYS_SEARCH_USER_PATHS = NO;
				ASSETCATALOG_COMPILER_GENERATE_SWIFT_ASSET_SYMBOL_EXTENSIONS = YES;
				CLANG_ANALYZER_NONNULL = YES;
				CLANG_ANALYZER_NUMBER_OBJECT_CONVERSION = YES_AGGRESSIVE;
				CLANG_CXX_LANGUAGE_STANDARD = "gnu++20";
				CLANG_ENABLE_MODULES = YES;
				CLANG_ENABLE_OBJC_ARC = YES;
				CLANG_ENABLE_OBJC_WEAK = YES;
				CLANG_WARN_BLOCK_CAPTURE_AUTORELEASING = YES;
				CLANG_WARN_BOOL_CONVERSION = YES;
				CLANG_WARN_COMMA = YES;
				CLANG_WARN_CONSTANT_CONVERSION = YES;
				CLANG_WARN_DEPRECATED_OBJC_IMPLEMENTATIONS = YES;
				CLANG_WARN_DIRECT_OBJC_ISA_USAGE = YES_ERROR;
				CLANG_WARN_DOCUMENTATION_COMMENTS = YES;
				CLANG_WARN_EMPTY_BODY = YES;
				CLANG_WARN_ENUM_CONVERSION = YES;
				CLANG_WARN_INFINITE_RECURSION = YES;
				CLANG_WARN_INT_CONVERSION = YES;
				CLANG_WARN_NON_LITERAL_NULL_CONVERSION = YES;
				CLANG_WARN_OBJC_IMPLICIT_RETAIN_SELF = YES;
				CLANG_WARN_OBJC_LITERAL_CONVERSION = YES;
				CLANG_WARN_OBJC_ROOT_CLASS = YES_ERROR;
				CLANG_WARN_QUOTED_INCLUDE_IN_FRAMEWORK_HEADER = YES;
				CLANG_WARN_RANGE_LOOP_ANALYSIS = YES;
				CLANG_WARN_STRICT_PROTOTYPES = YES;
				CLANG_WARN_SUSPICIOUS_MOVE = YES;
				CLANG_WARN_UNGUARDED_AVAILABILITY = YES_AGGRESSIVE;
				CLANG_WARN_UNREACHABLE_CODE = YES;
				CLANG_WARN__DUPLICATE_METHOD_MATCH = YES;
				COPY_PHASE_STRIP = NO;
				DEBUG_INFORMATION_FORMAT = "dwarf-with-dsym";
				ENABLE_NS_ASSERTIONS = NO;
				ENABLE_STRICT_OBJC_MSGSEND = YES;
				ENABLE_USER_SCRIPT_SANDBOXING = YES;
				GCC_C_LANGUAGE_STANDARD = gnu17;
				GCC_NO_COMMON_BLOCKS = YES;
				GCC_WARN_64_TO_32_BIT_CONVERSION = YES;
				GCC_WARN_ABOUT_RETURN_TYPE = YES_ERROR;
				GCC_WARN_UNDECLARED_SELECTOR = YES;
				GCC_WARN_UNINITIALIZED_AUTOS = YES_AGGRESSIVE;
				GCC_WARN_UNUSED_FUNCTION = YES;
				GCC_WARN_UNUSED_VARIABLE = YES;
				IPHONEOS_DEPLOYMENT_TARGET = 18.1;
				LOCALIZATION_PREFERS_STRING_CATALOGS = YES;
				MTL_ENABLE_DEBUG_INFO = NO;
				MTL_FAST_MATH = YES;
				SDKROOT = iphoneos;
				SWIFT_COMPILATION_MODE = wholemodule;
				VALIDATE_PRODUCT = YES;
			};
			name = Release;
		};
/* End XCBuildConfiguration section */

/* Begin XCConfigurationList section */
		8357203E2D78B69300F08BAE /* Build configuration list for PBXProject "SocialNetworkFeed" */ = {
			isa = XCConfigurationList;
			buildConfigurations = (
				835720592D78B69500F08BAE /* Debug */,
				8357205A2D78B69500F08BAE /* Release */,
			);
			defaultConfigurationIsVisible = 0;
			defaultConfigurationName = Release;
		};
		835720562D78B69500F08BAE /* Build configuration list for PBXNativeTarget "SocialNetworkFeed" */ = {
			isa = XCConfigurationList;
			buildConfigurations = (
				835720572D78B69500F08BAE /* Debug */,
				835720582D78B69500F08BAE /* Release */,
			);
			defaultConfigurationIsVisible = 0;
			defaultConfigurationName = Release;
		};
/* End XCConfigurationList section */

/* Begin XCRemoteSwiftPackageReference section */
		835720742D78BDF600F08BAE /* XCRemoteSwiftPackageReference "Alamofire" */ = {
			isa = XCRemoteSwiftPackageReference;
			repositoryURL = "https://github.com/Alamofire/Alamofire.git";
			requirement = {
				kind = upToNextMajorVersion;
				minimumVersion = 5.10.2;
			};
		};
/* End XCRemoteSwiftPackageReference section */

/* Begin XCSwiftPackageProductDependency section */
		835720752D78BDF600F08BAE /* Alamofire */ = {
			isa = XCSwiftPackageProductDependency;
			package = 835720742D78BDF600F08BAE /* XCRemoteSwiftPackageReference "Alamofire" */;
			productName = Alamofire;
		};
/* End XCSwiftPackageProductDependency section */
	};
	rootObject = 8357203B2D78B69300F08BAE /* Project object */;
}
